
Microsoft Visual Studio Solution File, Format Version 12.00
# Visual Studio 15
VisualStudioVersion = 15.0.27128.1
MinimumVisualStudioVersion = 15.0.26124.0
Project("{9A19103F-16F7-4668-BE54-9A1E7A4F7556}") = "csharp", "csharp\csharp.csproj", "{6A75C6EC-0C8C-4EC4-97FF-2DB8D26D7F7E}"
EndProject
Project("{2150E333-8FDC-42A3-9474-1A3956D46DE8}") = "input", "input", "{EB80DCB3-D641-425C-9125-1CC17B1CA547}"
	ProjectSection(SolutionItems) = preProject
		input\Day01.txt = input\Day01.txt
		input\Day02.txt = input\Day02.txt
		input\Day03.txt = input\Day03.txt
	EndProjectSection
EndProject
Global
	GlobalSection(SolutionConfigurationPlatforms) = preSolution
		Debug|Any CPU = Debug|Any CPU
		Debug|x64 = Debug|x64
		Debug|x86 = Debug|x86
		Release|Any CPU = Release|Any CPU
		Release|x64 = Release|x64
		Release|x86 = Release|x86
	EndGlobalSection
	GlobalSection(ProjectConfigurationPlatforms) = postSolution
		{6A75C6EC-0C8C-4EC4-97FF-2DB8D26D7F7E}.Debug|Any CPU.ActiveCfg = Debug|Any CPU
		{6A75C6EC-0C8C-4EC4-97FF-2DB8D26D7F7E}.Debug|Any CPU.Build.0 = Debug|Any CPU
		{6A75C6EC-0C8C-4EC4-97FF-2DB8D26D7F7E}.Debug|x64.ActiveCfg = Debug|Any CPU
		{6A75C6EC-0C8C-4EC4-97FF-2DB8D26D7F7E}.Debug|x64.Build.0 = Debug|Any CPU
		{6A75C6EC-0C8C-4EC4-97FF-2DB8D26D7F7E}.Debug|x86.ActiveCfg = Debug|Any CPU
		{6A75C6EC-0C8C-4EC4-97FF-2DB8D26D7F7E}.Debug|x86.Build.0 = Debug|Any CPU
		{6A75C6EC-0C8C-4EC4-97FF-2DB8D26D7F7E}.Release|Any CPU.ActiveCfg = Release|Any CPU
		{6A75C6EC-0C8C-4EC4-97FF-2DB8D26D7F7E}.Release|Any CPU.Build.0 = Release|Any CPU
		{6A75C6EC-0C8C-4EC4-97FF-2DB8D26D7F7E}.Release|x64.ActiveCfg = Release|Any CPU
		{6A75C6EC-0C8C-4EC4-97FF-2DB8D26D7F7E}.Release|x64.Build.0 = Release|Any CPU
		{6A75C6EC-0C8C-4EC4-97FF-2DB8D26D7F7E}.Release|x86.ActiveCfg = Release|Any CPU
		{6A75C6EC-0C8C-4EC4-97FF-2DB8D26D7F7E}.Release|x86.Build.0 = Release|Any CPU
	EndGlobalSection
	GlobalSection(SolutionProperties) = preSolution
		HideSolutionNode = FALSE
	EndGlobalSection
	GlobalSection(ExtensibilityGlobals) = postSolution
		SolutionGuid = {13DD7A33-796F-4151-A2AA-5B43BA1C5D3C}
	EndGlobalSection
EndGlobal
